
Microsoft Visual Studio Solution File, Format Version 12.00
# Visual Studio Version 17
VisualStudioVersion = 17.3.32804.467
MinimumVisualStudioVersion = 10.0.40219.1
Project("{FAE04EC0-301F-11D3-BF4B-00C04F79EFBC}") = "PTMB_SysStatus", "PTMB_SysStatus.csproj", "{3522501A-EB3E-4C24-8E4F-E583CAC53DEA}"
EndProject
Project("{FAE04EC0-301F-11D3-BF4B-00C04F79EFBC}") = "PTMB_Systatus_API", "PTMB_Systatus_API\PTMB_Systatus_API.csproj", "{AF8F86AE-E26C-46E3-B944-432CDDE5F8BE}"
EndProject
Global
	GlobalSection(SolutionConfigurationPlatforms) = preSolution
		Debug|Any CPU = Debug|Any CPU
		Release|Any CPU = Release|Any CPU
	EndGlobalSection
	GlobalSection(ProjectConfigurationPlatforms) = postSolution
		{3522501A-EB3E-4C24-8E4F-E583CAC53DEA}.Debug|Any CPU.ActiveCfg = Debug|Any CPU
		{3522501A-EB3E-4C24-8E4F-E583CAC53DEA}.Debug|Any CPU.Build.0 = Debug|Any CPU
		{3522501A-EB3E-4C24-8E4F-E583CAC53DEA}.Release|Any CPU.ActiveCfg = Release|Any CPU
		{3522501A-EB3E-4C24-8E4F-E583CAC53DEA}.Release|Any CPU.Build.0 = Release|Any CPU
		{AF8F86AE-E26C-46E3-B944-432CDDE5F8BE}.Debug|Any CPU.ActiveCfg = Debug|Any CPU
		{AF8F86AE-E26C-46E3-B944-432CDDE5F8BE}.Debug|Any CPU.Build.0 = Debug|Any CPU
		{AF8F86AE-E26C-46E3-B944-432CDDE5F8BE}.Release|Any CPU.ActiveCfg = Release|Any CPU
		{AF8F86AE-E26C-46E3-B944-432CDDE5F8BE}.Release|Any CPU.Build.0 = Release|Any CPU
	EndGlobalSection
	GlobalSection(SolutionProperties) = preSolution
		HideSolutionNode = FALSE
	EndGlobalSection
	GlobalSection(ExtensibilityGlobals) = postSolution
		SolutionGuid = {40E9B1EA-2F6D-49E1-B404-123DFACEB2A7}
	EndGlobalSection
EndGlobal
